
Microsoft Visual Studio Solution File, Format Version 12.00
# Visual Studio 15
VisualStudioVersion = 15.0.27703.2026
MinimumVisualStudioVersion = 10.0.40219.1
Project("{FAE04EC0-301F-11D3-BF4B-00C04F79EFBC}") = "BT1093Timer_v805_18", "BT1093Timer_v805_18\BT1093Timer_v805_18.csproj", "{C978E33E-1F8C-43B8-BD69-831F2C75A7D2}"
EndProject
Global
	GlobalSection(SolutionConfigurationPlatforms) = preSolution
		Debug|Any CPU = Debug|Any CPU
		Release|Any CPU = Release|Any CPU
	EndGlobalSection
	GlobalSection(ProjectConfigurationPlatforms) = postSolution
		{C978E33E-1F8C-43B8-BD69-831F2C75A7D2}.Debug|Any CPU.ActiveCfg = Debug|Any CPU
		{C978E33E-1F8C-43B8-BD69-831F2C75A7D2}.Debug|Any CPU.Build.0 = Debug|Any CPU
		{C978E33E-1F8C-43B8-BD69-831F2C75A7D2}.Release|Any CPU.ActiveCfg = Release|Any CPU
		{C978E33E-1F8C-43B8-BD69-831F2C75A7D2}.Release|Any CPU.Build.0 = Release|Any CPU
	EndGlobalSection
	GlobalSection(SolutionProperties) = preSolution
		HideSolutionNode = FALSE
	EndGlobalSection
	GlobalSection(ExtensibilityGlobals) = postSolution
		SolutionGuid = {54244B1E-8849-4E74-8676-782AE4296E3E}
	EndGlobalSection
EndGlobal
